
Microsoft Visual Studio Solution File, Format Version 12.00
# Visual Studio Version 17
VisualStudioVersion = 17.6.33801.468
MinimumVisualStudioVersion = 10.0.40219.1
Project("{FAE04EC0-301F-11D3-BF4B-00C04F79EFBC}") = "AutoTrade.Web", "AutoTrade.Web\AutoTrade.Web.csproj", "{AEB26C3B-621B-47C4-B11C-F8C8B389D855}"
EndProject
Project("{2150E333-8FDC-42A3-9474-1A3956D46DE8}") = "Web", "Web", "{10F32764-22DA-466A-9FDC-D62C656BD842}"
EndProject
Project("{2150E333-8FDC-42A3-9474-1A3956D46DE8}") = "Data", "Data", "{BC3B4CA7-A1C7-40C2-B33E-FD8ADCBEAF5C}"
EndProject
Project("{FAE04EC0-301F-11D3-BF4B-00C04F79EFBC}") = "AutoTrade.Data", "AutoTrade.Data\AutoTrade.Data.csproj", "{DBA48515-D4DC-4C47-A207-16F581C305D4}"
EndProject
Project("{FAE04EC0-301F-11D3-BF4B-00C04F79EFBC}") = "AutoTrade.Data.Models", "AutoTrade.Data.Models\AutoTrade.Data.Models.csproj", "{1FD05599-55DB-4DB2-AC0E-8F5AA2E3D6BF}"
EndProject
Project("{FAE04EC0-301F-11D3-BF4B-00C04F79EFBC}") = "AutoTrade.Web.ViewModels", "AutoTrade.Web.ViewModels\AutoTrade.Web.ViewModels.csproj", "{168667C3-CAB1-4063-90C8-74DC725B73CF}"
EndProject
Project("{FAE04EC0-301F-11D3-BF4B-00C04F79EFBC}") = "AutoTrade.Common", "AutoTrade.Common\AutoTrade.Common.csproj", "{114A406F-8804-447D-B231-E702A658341F}"
EndProject
Global
	GlobalSection(SolutionConfigurationPlatforms) = preSolution
		Debug|Any CPU = Debug|Any CPU
		Release|Any CPU = Release|Any CPU
	EndGlobalSection
	GlobalSection(ProjectConfigurationPlatforms) = postSolution
		{AEB26C3B-621B-47C4-B11C-F8C8B389D855}.Debug|Any CPU.ActiveCfg = Debug|Any CPU
		{AEB26C3B-621B-47C4-B11C-F8C8B389D855}.Debug|Any CPU.Build.0 = Debug|Any CPU
		{AEB26C3B-621B-47C4-B11C-F8C8B389D855}.Release|Any CPU.ActiveCfg = Release|Any CPU
		{AEB26C3B-621B-47C4-B11C-F8C8B389D855}.Release|Any CPU.Build.0 = Release|Any CPU
		{DBA48515-D4DC-4C47-A207-16F581C305D4}.Debug|Any CPU.ActiveCfg = Debug|Any CPU
		{DBA48515-D4DC-4C47-A207-16F581C305D4}.Debug|Any CPU.Build.0 = Debug|Any CPU
		{DBA48515-D4DC-4C47-A207-16F581C305D4}.Release|Any CPU.ActiveCfg = Release|Any CPU
		{DBA48515-D4DC-4C47-A207-16F581C305D4}.Release|Any CPU.Build.0 = Release|Any CPU
		{1FD05599-55DB-4DB2-AC0E-8F5AA2E3D6BF}.Debug|Any CPU.ActiveCfg = Debug|Any CPU
		{1FD05599-55DB-4DB2-AC0E-8F5AA2E3D6BF}.Debug|Any CPU.Build.0 = Debug|Any CPU
		{1FD05599-55DB-4DB2-AC0E-8F5AA2E3D6BF}.Release|Any CPU.ActiveCfg = Release|Any CPU
		{1FD05599-55DB-4DB2-AC0E-8F5AA2E3D6BF}.Release|Any CPU.Build.0 = Release|Any CPU
		{168667C3-CAB1-4063-90C8-74DC725B73CF}.Debug|Any CPU.ActiveCfg = Debug|Any CPU
		{168667C3-CAB1-4063-90C8-74DC725B73CF}.Debug|Any CPU.Build.0 = Debug|Any CPU
		{168667C3-CAB1-4063-90C8-74DC725B73CF}.Release|Any CPU.ActiveCfg = Release|Any CPU
		{168667C3-CAB1-4063-90C8-74DC725B73CF}.Release|Any CPU.Build.0 = Release|Any CPU
		{114A406F-8804-447D-B231-E702A658341F}.Debug|Any CPU.ActiveCfg = Debug|Any CPU
		{114A406F-8804-447D-B231-E702A658341F}.Debug|Any CPU.Build.0 = Debug|Any CPU
		{114A406F-8804-447D-B231-E702A658341F}.Release|Any CPU.ActiveCfg = Release|Any CPU
		{114A406F-8804-447D-B231-E702A658341F}.Release|Any CPU.Build.0 = Release|Any CPU
	EndGlobalSection
	GlobalSection(SolutionProperties) = preSolution
		HideSolutionNode = FALSE
	EndGlobalSection
	GlobalSection(NestedProjects) = preSolution
		{AEB26C3B-621B-47C4-B11C-F8C8B389D855} = {10F32764-22DA-466A-9FDC-D62C656BD842}
		{DBA48515-D4DC-4C47-A207-16F581C305D4} = {BC3B4CA7-A1C7-40C2-B33E-FD8ADCBEAF5C}
		{1FD05599-55DB-4DB2-AC0E-8F5AA2E3D6BF} = {BC3B4CA7-A1C7-40C2-B33E-FD8ADCBEAF5C}
		{168667C3-CAB1-4063-90C8-74DC725B73CF} = {10F32764-22DA-466A-9FDC-D62C656BD842}
	EndGlobalSection
	GlobalSection(ExtensibilityGlobals) = postSolution
		SolutionGuid = {1ED50A85-ADE3-4E5F-9453-0E5B5D9657D4}
	EndGlobalSection
EndGlobal
